# THIS IS AN AUTOGENERATED FILE. DO NOT EDIT THIS FILE DIRECTLY.
# yarn lockfile v1


nodemailer@^6.6.0:
  version "6.6.0"
  resolved "https://registry.yarnpkg.com/nodemailer/-/nodemailer-6.6.0.tgz#ed47bb572b48d9d0dca3913fdc156203f438f427"
  integrity sha512-ikSMDU1nZqpo2WUPE0wTTw/NGGImTkwpJKDIFPZT+YvvR9Sj+ze5wzu95JHkBMglQLoG2ITxU21WukCC/XsFkg==
